
Microsoft Visual Studio Solution File, Format Version 12.00
# Visual Studio Version 17
VisualStudioVersion = 17.5.33424.131
MinimumVisualStudioVersion = 10.0.40219.1
Project("{FAE04EC0-301F-11D3-BF4B-00C04F79EFBC}") = "StudyCardApplication", "StudyCardApplication\StudyCardApplication.csproj", "{DC5DFBB0-CBA5-4E29-9F0A-88C80F091345}"
EndProject
Global
	GlobalSection(SolutionConfigurationPlatforms) = preSolution
		Debug|Any CPU = Debug|Any CPU
		Release|Any CPU = Release|Any CPU
	EndGlobalSection
	GlobalSection(ProjectConfigurationPlatforms) = postSolution
		{DC5DFBB0-CBA5-4E29-9F0A-88C80F091345}.Debug|Any CPU.ActiveCfg = Debug|Any CPU
		{DC5DFBB0-CBA5-4E29-9F0A-88C80F091345}.Debug|Any CPU.Build.0 = Debug|Any CPU
		{DC5DFBB0-CBA5-4E29-9F0A-88C80F091345}.Release|Any CPU.ActiveCfg = Release|Any CPU
		{DC5DFBB0-CBA5-4E29-9F0A-88C80F091345}.Release|Any CPU.Build.0 = Release|Any CPU
	EndGlobalSection
	GlobalSection(SolutionProperties) = preSolution
		HideSolutionNode = FALSE
	EndGlobalSection
	GlobalSection(ExtensibilityGlobals) = postSolution
		SolutionGuid = {4EF9377B-C21A-4D9D-8B4D-8B888756122F}
	EndGlobalSection
EndGlobal
